{
  "nodes": {
    "nixpkgs": {
      "locked": {
        "lastModified": 1786106723,
        "narHash": "sha256-zDSUbpoeo/9ZmD2+wXnzxoo1+uhL8vxc0b8yuYMKYq0=",
        "owner": "nixos",
        "repo": "nixpkgs",
        "rev": "f13ff45afd1bb73e640eaa08a7066dbed07e3238",
        "type": "github"
      },
      "original": {
        "owner": "nixos",
        "ref": "nixos-unstable",
        "repo": "nixpkgs",
        "type": "github"
      }
    },
    "nixpkgs_2": {
      "locked": {
        "lastModified": 1785747939,
        "narHash": "sha256-D740uKsMbgsfK2oaDenJLLPIZfq7W0/g4KN/Fls8eKs=",
        "owner": "nixos",
        "repo": "nixpkgs",
        "rev": "104240a772428cc2e20d8fd86c9ddbb886bbaff2",
        "type": "github"
      },
      "original": {
        "owner": "nixos",
        "ref": "nixpkgs-unstable",
        "repo": "nixpkgs",
        "type": "github"
      }
    },
    "root": {
      "inputs": {
        "nixpkgs": "nixpkgs",
        "s6-nix-overlay": "s6-nix-overlay"
      }
    },
    "s6-nix-overlay": {
      "inputs": {
        "nixpkgs": "nixpkgs_2"
      },
      "locked": {
        "lastModified": 1786357452,
        "narHash": "sha256-Hom6bYSIk6oWoEwyPar0630t6udZx8mLOUfSL/lqTPY=",
        "owner": "socheatsok78",
        "repo": "s6-nix-overlay",
        "rev": "620e47c44c73cb2dddecd52cb3ce894d77e1a254",
        "type": "github"
      },
      "original": {
        "owner": "socheatsok78",
        "repo": "s6-nix-overlay",
        "type": "github"
      }
    }
  },
  "root": "root",
  "version": 7
}
